{
  "name": "virtual-consultant",
  "lockfileVersion": 3,
  "requires": true,
  "packages": {
    "": {
      "dependencies": {
        "loopkit-runtime": "^0.1.0"
      }
    },
    "node_modules/loopkit-runtime": {
      "version": "0.1.0",
      "resolved": "https://registry.npmjs.org/loopkit-runtime/-/loopkit-runtime-0.1.0.tgz",
      "integrity": "sha512-o1Aikep9Y95bBfBi3vXaAg3OvDNe2kzurRu9N3RjIIp5fWzxlbYW/7OYKSxBU8pj0hk7aj8cA7kOQOKtJNXN7A==",
      "license": "MIT",
      "bin": {
        "loopkit": "dist/index.js"
      },
      "engines": {
        "node": ">=18"
      }
    }
  }
}
